// !$*UTF8*$!
{
	archiveVersion = 1;
	classes = {
	};
	objectVersion = 56;
	objects = {

/* Begin PBXBuildFile section */
		DA984278291A4D6B003CCAAB /* AppDelegate.swift in Sources */ = {isa = PBXBuildFile; fileRef = DA984277291A4D6B003CCAAB /* AppDelegate.swift */; };
		DA98427A291A4D6B003CCAAB /* SceneDelegate.swift in Sources */ = {isa = PBXBuildFile; fileRef = DA984279291A4D6B003CCAAB /* SceneDelegate.swift */; };
		DA98427F291A4D6B003CCAAB /* Main.storyboard in Resources */ = {isa = PBXBuildFile; fileRef = DA98427D291A4D6B003CCAAB /* Main.storyboard */; };
		DA984281291A4D6D003CCAAB /* Assets.xcassets in Resources */ = {isa = PBXBuildFile; fileRef = DA984280291A4D6D003CCAAB /* Assets.xcassets */; };
		DA984284291A4D6D003CCAAB /* LaunchScreen.storyboard in Resources */ = {isa = PBXBuildFile; fileRef = DA984282291A4D6D003CCAAB /* LaunchScreen.storyboard */; };
		DA98428D291A4DC3003CCAAB /* NewsListTableViewController.swift in Sources */ = {isa = PBXBuildFile; fileRef = DA98428C291A4DC3003CCAAB /* NewsListTableViewController.swift */; };
		DA984290291A57D2003CCAAB /* WebService.swift in Sources */ = {isa = PBXBuildFile; fileRef = DA98428F291A57D2003CCAAB /* WebService.swift */; };
		DAA59C27291E0FCF00CC5781 /* Article.swift in Sources */ = {isa = PBXBuildFile; fileRef = DAA59C26291E0FCF00CC5781 /* Article.swift */; };
		DAA59C2A291E1D1600CC5781 /* ArticleViewModel.swift in Sources */ = {isa = PBXBuildFile; fileRef = DAA59C29291E1D1600CC5781 /* ArticleViewModel.swift */; };
		DAA59C2D291E38AC00CC5781 /* ArticleTableViewCell.swift in Sources */ = {isa = PBXBuildFile; fileRef = DAA59C2C291E38AC00CC5781 /* ArticleTableViewCell.swift */; };
/* End PBXBuildFile section */

/* Begin PBXFileReference section */
		DA984274291A4D6B003CCAAB /* Newss(MVVM).app */ = {isa = PBXFileReference; explicitFileType = wrapper.application; includeInIndex = 0; path = "Newss(MVVM).app"; sourceTree = BUILT_PRODUCTS_DIR; };
		DA984277291A4D6B003CCAAB /* AppDelegate.swift */ = {isa = PBXFileReference; lastKnownFileType = sourcecode.swift; path = AppDelegate.swift; sourceTree = "<group>"; };
		DA984279291A4D6B003CCAAB /* SceneDelegate.swift */ = {isa = PBXFileReference; lastKnownFileType = sourcecode.swift; path = SceneDelegate.swift; sourceTree = "<group>"; };
		DA98427E291A4D6B003CCAAB /* Base */ = {isa = PBXFileReference; lastKnownFileType = file.storyboard; name = Base; path = Base.lproj/Main.storyboard; sourceTree = "<group>"; };
		DA984280291A4D6D003CCAAB /* Assets.xcassets */ = {isa = PBXFileReference; lastKnownFileType = folder.assetcatalog; path = Assets.xcassets; sourceTree = "<group>"; };
		DA984283291A4D6D003CCAAB /* Base */ = {isa = PBXFileReference; lastKnownFileType = file.storyboard; name = Base; path = Base.lproj/LaunchScreen.storyboard; sourceTree = "<group>"; };
		DA984285291A4D6D003CCAAB /* Info.plist */ = {isa = PBXFileReference; lastKnownFileType = text.plist.xml; path = Info.plist; sourceTree = "<group>"; };
		DA98428C291A4DC3003CCAAB /* NewsListTableViewController.swift */ = {isa = PBXFileReference; lastKnownFileType = sourcecode.swift; path = NewsListTableViewController.swift; sourceTree = "<group>"; };
		DA98428F291A57D2003CCAAB /* WebService.swift */ = {isa = PBXFileReference; lastKnownFileType = sourcecode.swift; path = WebService.swift; sourceTree = "<group>"; };
		DAA59C26291E0FCF00CC5781 /* Article.swift */ = {isa = PBXFileReference; lastKnownFileType = sourcecode.swift; path = Article.swift; sourceTree = "<group>"; };
		DAA59C29291E1D1600CC5781 /* ArticleViewModel.swift */ = {isa = PBXFileReference; lastKnownFileType = sourcecode.swift; path = ArticleViewModel.swift; sourceTree = "<group>"; };
		DAA59C2C291E38AC00CC5781 /* ArticleTableViewCell.swift */ = {isa = PBXFileReference; lastKnownFileType = sourcecode.swift; path = ArticleTableViewCell.swift; sourceTree = "<group>"; };
/* End PBXFileReference section */

/* Begin PBXFrameworksBuildPhase section */
		DA984271291A4D6B003CCAAB /* Frameworks */ = {
			isa = PBXFrameworksBuildPhase;
			buildActionMask = 2147483647;
			files = (
			);
			runOnlyForDeploymentPostprocessing = 0;
		};
/* End PBXFrameworksBuildPhase section */

/* Begin PBXGroup section */
		DA98426B291A4D6B003CCAAB = {
			isa = PBXGroup;
			children = (
				DA984276291A4D6B003CCAAB /* Newss(MVVM) */,
				DA984275291A4D6B003CCAAB /* Products */,
			);
			sourceTree = "<group>";
		};
		DA984275291A4D6B003CCAAB /* Products */ = {
			isa = PBXGroup;
			children = (
				DA984274291A4D6B003CCAAB /* Newss(MVVM).app */,
			);
			name = Products;
			sourceTree = "<group>";
		};
		DA984276291A4D6B003CCAAB /* Newss(MVVM) */ = {
			isa = PBXGroup;
			children = (
				DA984277291A4D6B003CCAAB /* AppDelegate.swift */,
				DA984279291A4D6B003CCAAB /* SceneDelegate.swift */,
				DAA59C2B291E389200CC5781 /* Cells */,
				DAA59C25291E0FBD00CC5781 /* Models */,
				DA98428E291A57A3003CCAAB /* Services */,
				DAA59C28291E1CE300CC5781 /* ViewModels */,
				DA98428B291A4DA8003CCAAB /* Controllers */,
				DA98427D291A4D6B003CCAAB /* Main.storyboard */,
				DA984280291A4D6D003CCAAB /* Assets.xcassets */,
				DA984282291A4D6D003CCAAB /* LaunchScreen.storyboard */,
				DA984285291A4D6D003CCAAB /* Info.plist */,
			);
			path = "Newss(MVVM)";
			sourceTree = "<group>";
		};
		DA98428B291A4DA8003CCAAB /* Controllers */ = {
			isa = PBXGroup;
			children = (
				DA98428C291A4DC3003CCAAB /* NewsListTableViewController.swift */,
			);
			path = Controllers;
			sourceTree = "<group>";
		};
		DA98428E291A57A3003CCAAB /* Services */ = {
			isa = PBXGroup;
			children = (
				DA98428F291A57D2003CCAAB /* WebService.swift */,
			);
			path = Services;
			sourceTree = "<group>";
		};
		DAA59C25291E0FBD00CC5781 /* Models */ = {
			isa = PBXGroup;
			children = (
				DAA59C26291E0FCF00CC5781 /* Article.swift */,
			);
			path = Models;
			sourceTree = "<group>";
		};
		DAA59C28291E1CE300CC5781 /* ViewModels */ = {
			isa = PBXGroup;
			children = (
				DAA59C29291E1D1600CC5781 /* ArticleViewModel.swift */,
			);
			path = ViewModels;
			sourceTree = "<group>";
		};
		DAA59C2B291E389200CC5781 /* Cells */ = {
			isa = PBXGroup;
			children = (
				DAA59C2C291E38AC00CC5781 /* ArticleTableViewCell.swift */,
			);
			path = Cells;
			sourceTree = "<group>";
		};
/* End PBXGroup section */

/* Begin PBXNativeTarget section */
		DA984273291A4D6B003CCAAB /* Newss(MVVM) */ = {
			isa = PBXNativeTarget;
			buildConfigurationList = DA984288291A4D6D003CCAAB /* Build configuration list for PBXNativeTarget "Newss(MVVM)" */;
			buildPhases = (
				DA984270291A4D6B003CCAAB /* Sources */,
				DA984271291A4D6B003CCAAB /* Frameworks */,
				DA984272291A4D6B003CCAAB /* Resources */,
			);
			buildRules = (
			);
			dependencies = (
			);
			name = "Newss(MVVM)";
			productName = "Newss(MVVM)";
			productReference = DA984274291A4D6B003CCAAB /* Newss(MVVM).app */;
			productType = "com.apple.product-type.application";
		};
/* End PBXNativeTarget section */

/* Begin PBXProject section */
		DA98426C291A4D6B003CCAAB /* Project object */ = {
			isa = PBXProject;
			attributes = {
				BuildIndependentTargetsInParallel = 1;
				LastSwiftUpdateCheck = 1410;
				LastUpgradeCheck = 1410;
				TargetAttributes = {
					DA984273291A4D6B003CCAAB = {
						CreatedOnToolsVersion = 14.1;
					};
				};
			};
			buildConfigurationList = DA98426F291A4D6B003CCAAB /* Build configuration list for PBXProject "Newss(MVVM)" */;
			compatibilityVersion = "Xcode 14.0";
			developmentRegion = en;
			hasScannedForEncodings = 0;
			knownRegions = (
				en,
				Base,
			);
			mainGroup = DA98426B291A4D6B003CCAAB;
			productRefGroup = DA984275291A4D6B003CCAAB /* Products */;
			projectDirPath = "";
			projectRoot = "";
			targets = (
				DA984273291A4D6B003CCAAB /* Newss(MVVM) */,
			);
		};
/* End PBXProject section */

/* Begin PBXResourcesBuildPhase section */
		DA984272291A4D6B003CCAAB /* Resources */ = {
			isa = PBXResourcesBuildPhase;
			buildActionMask = 2147483647;
			files = (
				DA984284291A4D6D003CCAAB /* LaunchScreen.storyboard in Resources */,
				DA984281291A4D6D003CCAAB /* Assets.xcassets in Resources */,
				DA98427F291A4D6B003CCAAB /* Main.storyboard in Resources */,
			);
			runOnlyForDeploymentPostprocessing = 0;
		};
/* End PBXResourcesBuildPhase section */

/* Begin PBXSourcesBuildPhase section */
		DA984270291A4D6B003CCAAB /* Sources */ = {
			isa = PBXSourcesBuildPhase;
			buildActionMask = 2147483647;
			files = (
				DA984290291A57D2003CCAAB /* WebService.swift in Sources */,
				DA984278291A4D6B003CCAAB /* AppDelegate.swift in Sources */,
				DA98428D291A4DC3003CCAAB /* NewsListTableViewController.swift in Sources */,
				DAA59C2A291E1D1600CC5781 /* ArticleViewModel.swift in Sources */,
				DA98427A291A4D6B003CCAAB /* SceneDelegate.swift in Sources */,
				DAA59C2D291E38AC00CC5781 /* ArticleTableViewCell.swift in Sources */,
				DAA59C27291E0FCF00CC5781 /* Article.swift in Sources */,
			);
			runOnlyForDeploymentPostprocessing = 0;
		};
/* End PBXSourcesBuildPhase section */

/* Begin PBXVariantGroup section */
		DA98427D291A4D6B003CCAAB /* Main.storyboard */ = {
			isa = PBXVariantGroup;
			children = (
				DA98427E291A4D6B003CCAAB /* Base */,
			);
			name = Main.storyboard;
			sourceTree = "<group>";
		};
		DA984282291A4D6D003CCAAB /* LaunchScreen.storyboard */ = {
			isa = PBXVariantGroup;
			children = (
				DA984283291A4D6D003CCAAB /* Base */,
			);
			name = LaunchScreen.storyboard;
			sourceTree = "<group>";
		};
/* End PBXVariantGroup section */

/* Begin XCBuildConfiguration section */
		DA984286291A4D6D003CCAAB /* Debug */ = {
			isa = XCBuildConfiguration;
			buildSettings = {
				ALWAYS_SEARCH_USER_PATHS = NO;
				CLANG_ANALYZER_NONNULL = YES;
				CLANG_ANALYZER_NUMBER_OBJECT_CONVERSION = YES_AGGRESSIVE;
				CLANG_CXX_LANGUAGE_STANDARD = "gnu++20";
				CLANG_ENABLE_MODULES = YES;
				CLANG_ENABLE_OBJC_ARC = YES;
				CLANG_ENABLE_OBJC_WEAK = YES;
				CLANG_WARN_BLOCK_CAPTURE_AUTORELEASING = YES;
				CLANG_WARN_BOOL_CONVERSION = YES;
				CLANG_WARN_COMMA = YES;
				CLANG_WARN_CONSTANT_CONVERSION = YES;
				CLANG_WARN_DEPRECATED_OBJC_IMPLEMENTATIONS = YES;
				CLANG_WARN_DIRECT_OBJC_ISA_USAGE = YES_ERROR;
				CLANG_WARN_DOCUMENTATION_COMMENTS = YES;
				CLANG_WARN_EMPTY_BODY = YES;
				CLANG_WARN_ENUM_CONVERSION = YES;
				CLANG_WARN_INFINITE_RECURSION = YES;
				CLANG_WARN_INT_CONVERSION = YES;
				CLANG_WARN_NON_LITERAL_NULL_CONVERSION = YES;
				CLANG_WARN_OBJC_IMPLICIT_RETAIN_SELF = YES;
				CLANG_WARN_OBJC_LITERAL_CONVERSION = YES;
				CLANG_WARN_OBJC_ROOT_CLASS = YES_ERROR;
				CLANG_WARN_QUOTED_INCLUDE_IN_FRAMEWORK_HEADER = YES;
				CLANG_WARN_RANGE_LOOP_ANALYSIS = YES;
				CLANG_WARN_STRICT_PROTOTYPES = YES;
				CLANG_WARN_SUSPICIOUS_MOVE = YES;
				CLANG_WARN_UNGUARDED_AVAILABILITY = YES_AGGRESSIVE;
				CLANG_WARN_UNREACHABLE_CODE = YES;
				CLANG_WARN__DUPLICATE_METHOD_MATCH = YES;
				COPY_PHASE_STRIP = NO;
				DEBUG_INFORMATION_FORMAT = dwarf;
				ENABLE_STRICT_OBJC_MSGSEND = YES;
				ENABLE_TESTABILITY = YES;
				GCC_C_LANGUAGE_STANDARD = gnu11;
				GCC_DYNAMIC_NO_PIC = NO;
				GCC_NO_COMMON_BLOCKS = YES;
				GCC_OPTIMIZATION_LEVEL = 0;
				GCC_PREPROCESSOR_DEFINITIONS = (
					"DEBUG=1",
					"$(inherited)",
				);
				GCC_WARN_64_TO_32_BIT_CONVERSION = YES;
				GCC_WARN_ABOUT_RETURN_TYPE = YES_ERROR;
				GCC_WARN_UNDECLARED_SELECTOR = YES;
				GCC_WARN_UNINITIALIZED_AUTOS = YES_AGGRESSIVE;
				GCC_WARN_UNUSED_FUNCTION = YES;
				GCC_WARN_UNUSED_VARIABLE = YES;
				IPHONEOS_DEPLOYMENT_TARGET = 16.1;
				MTL_ENABLE_DEBUG_INFO = INCLUDE_SOURCE;
				MTL_FAST_MATH = YES;
				ONLY_ACTIVE_ARCH = YES;
				SDKROOT = iphoneos;
				SWIFT_ACTIVE_COMPILATION_CONDITIONS = DEBUG;
				SWIFT_OPTIMIZATION_LEVEL = "-Onone";
			};
			name = Debug;
		};
		DA984287291A4D6D003CCAAB /* Release */ = {
			isa = XCBuildConfiguration;
			buildSettings = {
				ALWAYS_SEARCH_USER_PATHS = NO;
				CLANG_ANALYZER_NONNULL = YES;
				CLANG_ANALYZER_NUMBER_OBJECT_CONVERSION = YES_AGGRESSIVE;
				CLANG_CXX_LANGUAGE_STANDARD = "gnu++20";
				CLANG_ENABLE_MODULES = YES;
				CLANG_ENABLE_OBJC_ARC = YES;
				CLANG_ENABLE_OBJC_WEAK = YES;
				CLANG_WARN_BLOCK_CAPTURE_AUTORELEASING = YES;
				CLANG_WARN_BOOL_CONVERSION = YES;
				CLANG_WARN_COMMA = YES;
				CLANG_WARN_CONSTANT_CONVERSION = YES;
				CLANG_WARN_DEPRECATED_OBJC_IMPLEMENTATIONS = YES;
				CLANG_WARN_DIRECT_OBJC_ISA_USAGE = YES_ERROR;
				CLANG_WARN_DOCUMENTATION_COMMENTS = YES;
				CLANG_WARN_EMPTY_BODY = YES;
				CLANG_WARN_ENUM_CONVERSION = YES;
				CLANG_WARN_INFINITE_RECURSION = YES;
				CLANG_WARN_INT_CONVERSION = YES;
				CLANG_WARN_NON_LITERAL_NULL_CONVERSION = YES;
				CLANG_WARN_OBJC_IMPLICIT_RETAIN_SELF = YES;
				CLANG_WARN_OBJC_LITERAL_CONVERSION = YES;
				CLANG_WARN_OBJC_ROOT_CLASS = YES_ERROR;
				CLANG_WARN_QUOTED_INCLUDE_IN_FRAMEWORK_HEADER = YES;
				CLANG_WARN_RANGE_LOOP_ANALYSIS = YES;
				CLANG_WARN_STRICT_PROTOTYPES = YES;
				CLANG_WARN_SUSPICIOUS_MOVE = YES;
				CLANG_WARN_UNGUARDED_AVAILABILITY = YES_AGGRESSIVE;
				CLANG_WARN_UNREACHABLE_CODE = YES;
				CLANG_WARN__DUPLICATE_METHOD_MATCH = YES;
				COPY_PHASE_STRIP = NO;
				DEBUG_INFORMATION_FORMAT = "dwarf-with-dsym";
				ENABLE_NS_ASSERTIONS = NO;
				ENABLE_STRICT_OBJC_MSGSEND = YES;
				GCC_C_LANGUAGE_STANDARD = gnu11;
				GCC_NO_COMMON_BLOCKS = YES;
				GCC_WARN_64_TO_32_BIT_CONVERSION = YES;
				GCC_WARN_ABOUT_RETURN_TYPE = YES_ERROR;
				GCC_WARN_UNDECLARED_SELECTOR = YES;
				GCC_WARN_UNINITIALIZED_AUTOS = YES_AGGRESSIVE;
				GCC_WARN_UNUSED_FUNCTION = YES;
				GCC_WARN_UNUSED_VARIABLE = YES;
				IPHONEOS_DEPLOYMENT_TARGET = 16.1;
				MTL_ENABLE_DEBUG_INFO = NO;
				MTL_FAST_MATH = YES;
				SDKROOT = iphoneos;
				SWIFT_COMPILATION_MODE = wholemodule;
				SWIFT_OPTIMIZATION_LEVEL = "-O";
				VALIDATE_PRODUCT = YES;
			};
			name = Release;
		};
		DA984289291A4D6D003CCAAB /* Debug */ = {
			isa = XCBuildConfiguration;
			buildSettings = {
				ASSETCATALOG_COMPILER_APPICON_NAME = AppIcon;
				ASSETCATALOG_COMPILER_GLOBAL_ACCENT_COLOR_NAME = AccentColor;
				CODE_SIGN_STYLE = Automatic;
				CURRENT_PROJECT_VERSION = 1;
				DEVELOPMENT_TEAM = FX638LFAPD;
				GENERATE_INFOPLIST_FILE = YES;
				INFOPLIST_FILE = "Newss(MVVM)/Info.plist";
				INFOPLIST_KEY_UIApplicationSupportsIndirectInputEvents = YES;
				INFOPLIST_KEY_UILaunchStoryboardName = LaunchScreen;
				INFOPLIST_KEY_UIMainStoryboardFile = Main;
				INFOPLIST_KEY_UIStatusBarStyle = UIStatusBarStyleLightContent;
				INFOPLIST_KEY_UISupportedInterfaceOrientations_iPad = "UIInterfaceOrientationPortrait UIInterfaceOrientationPortraitUpsideDown UIInterfaceOrientationLandscapeLeft UIInterfaceOrientationLandscapeRight";
				INFOPLIST_KEY_UISupportedInterfaceOrientations_iPhone = "UIInterfaceOrientationPortrait UIInterfaceOrientationLandscapeLeft UIInterfaceOrientationLandscapeRight";
				LD_RUNPATH_SEARCH_PATHS = (
					"$(inherited)",
					"@executable_path/Frameworks",
				);
				MARKETING_VERSION = 1.0;
				PRODUCT_BUNDLE_IDENTIFIER = "chaseonho.Newss-MVVM-";
				PRODUCT_NAME = "$(TARGET_NAME)";
				SWIFT_EMIT_LOC_STRINGS = YES;
				SWIFT_VERSION = 5.0;
				TARGETED_DEVICE_FAMILY = "1,2";
			};
			name = Debug;
		};
		DA98428A291A4D6D003CCAAB /* Release */ = {
			isa = XCBuildConfiguration;
			buildSettings = {
				ASSETCATALOG_COMPILER_APPICON_NAME = AppIcon;
				ASSETCATALOG_COMPILER_GLOBAL_ACCENT_COLOR_NAME = AccentColor;
				CODE_SIGN_STYLE = Automatic;
				CURRENT_PROJECT_VERSION = 1;
				DEVELOPMENT_TEAM = FX638LFAPD;
				GENERATE_INFOPLIST_FILE = YES;
				INFOPLIST_FILE = "Newss(MVVM)/Info.plist";
				INFOPLIST_KEY_UIApplicationSupportsIndirectInputEvents = YES;
				INFOPLIST_KEY_UILaunchStoryboardName = LaunchScreen;
				INFOPLIST_KEY_UIMainStoryboardFile = Main;
				INFOPLIST_KEY_UIStatusBarStyle = UIStatusBarStyleLightContent;
				INFOPLIST_KEY_UISupportedInterfaceOrientations_iPad = "UIInterfaceOrientationPortrait UIInterfaceOrientationPortraitUpsideDown UIInterfaceOrientationLandscapeLeft UIInterfaceOrientationLandscapeRight";
				INFOPLIST_KEY_UISupportedInterfaceOrientations_iPhone = "UIInterfaceOrientationPortrait UIInterfaceOrientationLandscapeLeft UIInterfaceOrientationLandscapeRight";
				LD_RUNPATH_SEARCH_PATHS = (
					"$(inherited)",
					"@executable_path/Frameworks",
				);
				MARKETING_VERSION = 1.0;
				PRODUCT_BUNDLE_IDENTIFIER = "chaseonho.Newss-MVVM-";
				PRODUCT_NAME = "$(TARGET_NAME)";
				SWIFT_EMIT_LOC_STRINGS = YES;
				SWIFT_VERSION = 5.0;
				TARGETED_DEVICE_FAMILY = "1,2";
			};
			name = Release;
		};
/* End XCBuildConfiguration section */

/* Begin XCConfigurationList section */
		DA98426F291A4D6B003CCAAB /* Build configuration list for PBXProject "Newss(MVVM)" */ = {
			isa = XCConfigurationList;
			buildConfigurations = (
				DA984286291A4D6D003CCAAB /* Debug */,
				DA984287291A4D6D003CCAAB /* Release */,
			);
			defaultConfigurationIsVisible = 0;
			defaultConfigurationName = Release;
		};
		DA984288291A4D6D003CCAAB /* Build configuration list for PBXNativeTarget "Newss(MVVM)" */ = {
			isa = XCConfigurationList;
			buildConfigurations = (
				DA984289291A4D6D003CCAAB /* Debug */,
				DA98428A291A4D6D003CCAAB /* Release */,
			);
			defaultConfigurationIsVisible = 0;
			defaultConfigurationName = Release;
		};
/* End XCConfigurationList section */
	};
	rootObject = DA98426C291A4D6B003CCAAB /* Project object */;
}
